
Microsoft Visual Studio Solution File, Format Version 12.00
# Visual Studio Version 16
VisualStudioVersion = 16.0.31729.503
MinimumVisualStudioVersion = 10.0.40219.1
Project("{FAE04EC0-301F-11D3-BF4B-00C04F79EFBC}") = "TxispaKDLL", "TxispaKDLL\TxispaKDLL.csproj", "{A062E17D-1513-4772-AD9A-CE932289767A}"
EndProject
Global
	GlobalSection(SolutionConfigurationPlatforms) = preSolution
		Debug|Any CPU = Debug|Any CPU
		Release|Any CPU = Release|Any CPU
	EndGlobalSection
	GlobalSection(ProjectConfigurationPlatforms) = postSolution
		{A062E17D-1513-4772-AD9A-CE932289767A}.Debug|Any CPU.ActiveCfg = Debug|Any CPU
		{A062E17D-1513-4772-AD9A-CE932289767A}.Debug|Any CPU.Build.0 = Debug|Any CPU
		{A062E17D-1513-4772-AD9A-CE932289767A}.Release|Any CPU.ActiveCfg = Release|Any CPU
		{A062E17D-1513-4772-AD9A-CE932289767A}.Release|Any CPU.Build.0 = Release|Any CPU
	EndGlobalSection
	GlobalSection(SolutionProperties) = preSolution
		HideSolutionNode = FALSE
	EndGlobalSection
	GlobalSection(ExtensibilityGlobals) = postSolution
		SolutionGuid = {8EEBFD55-3034-4DAA-8886-4A8C2BC1354C}
	EndGlobalSection
EndGlobal
