
Microsoft Visual Studio Solution File, Format Version 12.00
# Visual Studio Version 16
VisualStudioVersion = 16.0.31729.503
MinimumVisualStudioVersion = 10.0.40219.1
Project("{FAE04EC0-301F-11D3-BF4B-00C04F79EFBC}") = "TxispakGrafikoak", "TxispakGrafikoak\TxispakGrafikoak.csproj", "{5BFCB1A8-AE13-4718-AA07-23503BCB91A6}"
EndProject
Project("{54435603-DBB4-11D2-8724-00A0C9A8B90C}") = "Txispak", "Txispak\Txispak.vdproj", "{C76933CC-E5A8-46D2-B214-3F06FB25D333}"
EndProject
Global
	GlobalSection(SolutionConfigurationPlatforms) = preSolution
		Debug|Any CPU = Debug|Any CPU
		Release|Any CPU = Release|Any CPU
	EndGlobalSection
	GlobalSection(ProjectConfigurationPlatforms) = postSolution
		{5BFCB1A8-AE13-4718-AA07-23503BCB91A6}.Debug|Any CPU.ActiveCfg = Release|Any CPU
		{5BFCB1A8-AE13-4718-AA07-23503BCB91A6}.Debug|Any CPU.Build.0 = Release|Any CPU
		{5BFCB1A8-AE13-4718-AA07-23503BCB91A6}.Release|Any CPU.ActiveCfg = Release|Any CPU
		{5BFCB1A8-AE13-4718-AA07-23503BCB91A6}.Release|Any CPU.Build.0 = Release|Any CPU
		{C76933CC-E5A8-46D2-B214-3F06FB25D333}.Debug|Any CPU.ActiveCfg = Debug
		{C76933CC-E5A8-46D2-B214-3F06FB25D333}.Release|Any CPU.ActiveCfg = Release
	EndGlobalSection
	GlobalSection(SolutionProperties) = preSolution
		HideSolutionNode = FALSE
	EndGlobalSection
	GlobalSection(ExtensibilityGlobals) = postSolution
		SolutionGuid = {F1B2B9DB-C3D2-44CF-B563-E657D6F5BAC0}
	EndGlobalSection
EndGlobal
