
Microsoft Visual Studio Solution File, Format Version 12.00
# Visual Studio Version 16
VisualStudioVersion = 16.0.31729.503
MinimumVisualStudioVersion = 10.0.40219.1
Project("{FAE04EC0-301F-11D3-BF4B-00C04F79EFBC}") = "ProduktuaDLL", "ProduktuaDLL\ProduktuaDLL.csproj", "{C131DAA0-ECC3-4E89-920F-0C2C19A61754}"
EndProject
Global
	GlobalSection(SolutionConfigurationPlatforms) = preSolution
		Debug|Any CPU = Debug|Any CPU
		Release|Any CPU = Release|Any CPU
	EndGlobalSection
	GlobalSection(ProjectConfigurationPlatforms) = postSolution
		{C131DAA0-ECC3-4E89-920F-0C2C19A61754}.Debug|Any CPU.ActiveCfg = Debug|Any CPU
		{C131DAA0-ECC3-4E89-920F-0C2C19A61754}.Debug|Any CPU.Build.0 = Debug|Any CPU
		{C131DAA0-ECC3-4E89-920F-0C2C19A61754}.Release|Any CPU.ActiveCfg = Release|Any CPU
		{C131DAA0-ECC3-4E89-920F-0C2C19A61754}.Release|Any CPU.Build.0 = Release|Any CPU
	EndGlobalSection
	GlobalSection(SolutionProperties) = preSolution
		HideSolutionNode = FALSE
	EndGlobalSection
	GlobalSection(ExtensibilityGlobals) = postSolution
		SolutionGuid = {C3CC2314-62FE-40F8-8D2E-1A2C01F3F183}
	EndGlobalSection
EndGlobal
